
Microsoft Visual Studio Solution File, Format Version 11.00
# Visual Studio 2010
Project("{8BC9CEB8-8B4A-11D0-8D11-00A0C91BC942}") = "zXML", "zXML\zXML.vcxproj", "{1203301C-F326-4457-8B1F-AFBA4FEAA420}"
EndProject
Global
	GlobalSection(SolutionConfigurationPlatforms) = preSolution
		Debug|Win32 = Debug|Win32
		Release|Win32 = Release|Win32
	EndGlobalSection
	GlobalSection(ProjectConfigurationPlatforms) = postSolution
		{1203301C-F326-4457-8B1F-AFBA4FEAA420}.Debug|Win32.ActiveCfg = Debug|Win32
		{1203301C-F326-4457-8B1F-AFBA4FEAA420}.Debug|Win32.Build.0 = Debug|Win32
		{1203301C-F326-4457-8B1F-AFBA4FEAA420}.Release|Win32.ActiveCfg = Release|Win32
		{1203301C-F326-4457-8B1F-AFBA4FEAA420}.Release|Win32.Build.0 = Release|Win32
	EndGlobalSection
	GlobalSection(SolutionProperties) = preSolution
		HideSolutionNode = FALSE
	EndGlobalSection
EndGlobal
